
Microsoft Visual Studio Solution File, Format Version 12.00
# Visual Studio Version 17
VisualStudioVersion = 17.11.35312.102
MinimumVisualStudioVersion = 10.0.40219.1
Project("{FAE04EC0-301F-11D3-BF4B-00C04F79EFBC}") = "практика", "практика\практика.csproj", "{96265645-5B3D-44FC-B79D-4CEE2449C3C9}"
EndProject
Global
	GlobalSection(SolutionConfigurationPlatforms) = preSolution
		Debug|Any CPU = Debug|Any CPU
		Release|Any CPU = Release|Any CPU
	EndGlobalSection
	GlobalSection(ProjectConfigurationPlatforms) = postSolution
		{96265645-5B3D-44FC-B79D-4CEE2449C3C9}.Debug|Any CPU.ActiveCfg = Debug|Any CPU
		{96265645-5B3D-44FC-B79D-4CEE2449C3C9}.Debug|Any CPU.Build.0 = Debug|Any CPU
		{96265645-5B3D-44FC-B79D-4CEE2449C3C9}.Release|Any CPU.ActiveCfg = Release|Any CPU
		{96265645-5B3D-44FC-B79D-4CEE2449C3C9}.Release|Any CPU.Build.0 = Release|Any CPU
	EndGlobalSection
	GlobalSection(SolutionProperties) = preSolution
		HideSolutionNode = FALSE
	EndGlobalSection
	GlobalSection(ExtensibilityGlobals) = postSolution
		SolutionGuid = {98BB6997-6249-4036-8C0D-0AF6074306EE}
	EndGlobalSection
EndGlobal
